<?xml version="1.0" encoding="utf-8"?>
<Project ToolsVersion="4.0" xmlns="http://schemas.microsoft.com/developer/msbuild/2003">
  <ItemGroup>
    <Filter Include="Source Files">
      <UniqueIdentifier>{4FC737F1-C7A5-4376-A066-2A32D752A2FF}</UniqueIdentifier>
      <Extensions>cpp;c;cc;cxx;c++;cppm;ixx;def;odl;idl;hpj;bat;asm;asmx</Extensions>
    </Filter>
    <Filter Include="Header Files">
      <UniqueIdentifier>{93995380-89BD-4b04-88EB-625FBE52EBFB}</UniqueIdentifier>
      <Extensions>h;hh;hpp;hxx;h++;hm;inl;inc;ipp;xsd</Extensions>
    </Filter>
    <Filter Include="Resource Files">
      <UniqueIdentifier>{67DA6AB6-F800-4c08-8B7A-83BB121AAD01}</UniqueIdentifier>
      <Extensions>rc;ico;cur;bmp;dlg;rc2;rct;bin;rgs;gif;jpg;jpeg;jpe;resx;tiff;tif;png;wav;mfcribbon-ms</Extensions>
    </Filter>
    <Filter Include="Game">
      <UniqueIdentifier>{9161b8f5-f065-45d6-8906-4675fffb8601}</UniqueIdentifier>
    </Filter>
    <Filter Include="Game\02.Object">
      <UniqueIdentifier>{ba9c0e73-0d34-4482-8d0b-92a7eb5f7c5b}</UniqueIdentifier>
    </Filter>
    <Filter Include="Game\03.Stage">
      <UniqueIdentifier>{e134e289-5614-44b3-9656-7db561c04f53}</UniqueIdentifier>
    </Filter>
    <Filter Include="Game\04.Time">
      <UniqueIdentifier>{b13540ef-4ec2-4c74-af57-26578d41aa4e}</UniqueIdentifier>
    </Filter>
    <Filter Include="Game\05.Input">
      <UniqueIdentifier>{1797a340-72d2-4ff6-b65b-0df35d803a17}</UniqueIdentifier>
    </Filter>
    <Filter Include="Game\02.Object\Player">
      <UniqueIdentifier>{d6c4d190-86ec-44ff-88f4-251a272216e1}</UniqueIdentifier>
    </Filter>
    <Filter Include="Game\00.Header">
      <UniqueIdentifier>{9494b4e2-1c18-4d2a-9126-13e98ed4117b}</UniqueIdentifier>
    </Filter>
    <Filter Include="Game\06.Weapon">
      <UniqueIdentifier>{0ce9d00a-8862-4a40-9d7b-e3a7c8811679}</UniqueIdentifier>
    </Filter>
    <Filter Include="Game\02.Object\Bullet">
      <UniqueIdentifier>{4d07bd09-4bad-40fc-8f0a-2ce759bca064}</UniqueIdentifier>
    </Filter>
    <Filter Include="Game\01.Core">
      <UniqueIdentifier>{51297a90-86c6-4c23-9739-7ca99531c854}</UniqueIdentifier>
    </Filter>
    <Filter Include="Game\02.Object\Monster">
      <UniqueIdentifier>{c9436b42-ea0a-4562-925e-7d641e0125e1}</UniqueIdentifier>
    </Filter>
  </ItemGroup>
  <ItemGroup>
    <ClInclude Include="framework.h">
      <Filter>Header Files</Filter>
    </ClInclude>
    <ClInclude Include="targetver.h">
      <Filter>Header Files</Filter>
    </ClInclude>
    <ClInclude Include="Resource.h">
      <Filter>Header Files</Filter>
    </ClInclude>
    <ClInclude Include="AvoidPoopGame.h">
      <Filter>Header Files</Filter>
    </ClInclude>
    <ClInclude Include="Core.h">
      <Filter>Game\01.Core</Filter>
    </ClInclude>
    <ClInclude Include="Game.h">
      <Filter>Game\00.Header</Filter>
    </ClInclude>
    <ClInclude Include="Define.h">
      <Filter>Game\00.Header</Filter>
    </ClInclude>
    <ClInclude Include="TimeManager.h">
      <Filter>Game\04.Time</Filter>
    </ClInclude>
    <ClInclude Include="Obj.h">
      <Filter>Game\02.Object</Filter>
    </ClInclude>
    <ClInclude Include="Player.h">
      <Filter>Game\02.Object\Player</Filter>
    </ClInclude>
    <ClInclude Include="Sturct.h">
      <Filter>Game\00.Header</Filter>
    </ClInclude>
    <ClInclude Include="InputManager.h">
      <Filter>Game\05.Input</Filter>
    </ClInclude>
    <ClInclude Include="Stage.h">
      <Filter>Game\03.Stage</Filter>
    </ClInclude>
    <ClInclude Include="Gun.h">
      <Filter>Game\06.Weapon</Filter>
    </ClInclude>
    <ClInclude Include="Bullet.h">
      <Filter>Game\02.Object\Bullet</Filter>
    </ClInclude>
    <ClInclude Include="Monster.h">
      <Filter>Game\02.Object\Monster</Filter>
    </ClInclude>
  </ItemGroup>
  <ItemGroup>
    <ClCompile Include="main.cpp">
      <Filter>Source Files</Filter>
    </ClCompile>
    <ClCompile Include="Core.cpp">
      <Filter>Game\01.Core</Filter>
    </ClCompile>
    <ClCompile Include="TimeManager.cpp">
      <Filter>Game\04.Time</Filter>
    </ClCompile>
    <ClCompile Include="Obj.cpp">
      <Filter>Game\02.Object</Filter>
    </ClCompile>
    <ClCompile Include="Player.cpp">
      <Filter>Game\02.Object\Player</Filter>
    </ClCompile>
    <ClCompile Include="InputManager.cpp">
      <Filter>Game\05.Input</Filter>
    </ClCompile>
    <ClCompile Include="Stage.cpp">
      <Filter>Game\03.Stage</Filter>
    </ClCompile>
    <ClCompile Include="Gun.cpp">
      <Filter>Game\06.Weapon</Filter>
    </ClCompile>
    <ClCompile Include="Bullet.cpp">
      <Filter>Game\02.Object\Bullet</Filter>
    </ClCompile>
    <ClCompile Include="Monster.cpp">
      <Filter>Game\02.Object\Monster</Filter>
    </ClCompile>
  </ItemGroup>
  <ItemGroup>
    <ResourceCompile Include="AvoidPoopGame.rc">
      <Filter>Resource Files</Filter>
    </ResourceCompile>
  </ItemGroup>
  <ItemGroup>
    <Image Include="small.ico">
      <Filter>Resource Files</Filter>
    </Image>
    <Image Include="AvoidPoopGame.ico">
      <Filter>Resource Files</Filter>
    </Image>
  </ItemGroup>
</Project>