<?xml version="1.0" encoding="utf-8"?>
<Project ToolsVersion="4.0" xmlns="http://schemas.microsoft.com/developer/msbuild/2003">
  <ItemGroup>
    <Filter Include="Source Files">
      <UniqueIdentifier>{4FC737F1-C7A5-4376-A066-2A32D752A2FF}</UniqueIdentifier>
      <Extensions>cpp;c;cc;cxx;c++;cppm;ixx;def;odl;idl;hpj;bat;asm;asmx</Extensions>
    </Filter>
    <Filter Include="Header Files">
      <UniqueIdentifier>{93995380-89BD-4b04-88EB-625FBE52EBFB}</UniqueIdentifier>
      <Extensions>h;hh;hpp;hxx;h++;hm;inl;inc;ipp;xsd</Extensions>
    </Filter>
    <Filter Include="Resource Files">
      <UniqueIdentifier>{67DA6AB6-F800-4c08-8B7A-83BB121AAD01}</UniqueIdentifier>
      <Extensions>rc;ico;cur;bmp;dlg;rc2;rct;bin;rgs;gif;jpg;jpeg;jpe;resx;tiff;tif;png;wav;mfcribbon-ms</Extensions>
    </Filter>
    <Filter Include="Game">
      <UniqueIdentifier>{9161b8f5-f065-45d6-8906-4675fffb8601}</UniqueIdentifier>
    </Filter>
    <Filter Include="Game\02.Object">
      <UniqueIdentifier>{ba9c0e73-0d34-4482-8d0b-92a7eb5f7c5b}</UniqueIdentifier>
    </Filter>
    <Filter Include="Game\03.Stage">
      <UniqueIdentifier>{e134e289-5614-44b3-9656-7db561c04f53}</UniqueIdentifier>
    </Filter>
    <Filter Include="Game\04.Time">
      <UniqueIdentifier>{b13540ef-4ec2-4c74-af57-26578d41aa4e}</UniqueIdentifier>
    </Filter>
    <Filter Include="Game\05.Input">
      <UniqueIdentifier>{1797a340-72d2-4ff6-b65b-0df35d803a17}</UniqueIdentifier>
    </Filter>
    <Filter Include="Game\02.Object\Player">
      <UniqueIdentifier>{d6c4d190-86ec-44ff-88f4-251a272216e1}</UniqueIdentifier>
    </Filter>
    <Filter Include="Game\00.Header">
      <UniqueIdentifier>{9494b4e2-1c18-4d2a-9126-13e98ed4117b}</UniqueIdentifier>
    </Filter>
    <Filter Include="Game\06.Weapon">
      <UniqueIdentifier>{0ce9d00a-8862-4a40-9d7b-e3a7c8811679}</UniqueIdentifier>
    </Filter>
    <Filter Include="Game\02.Object\Bullet">
      <UniqueIdentifier>{4d07bd09-4bad-40fc-8f0a-2ce759bca064}</UniqueIdentifier>
    </Filter>
    <Filter Include="Game\01.Core">
      <UniqueIdentifier>{51297a90-86c6-4c23-9739-7ca99531c854}</UniqueIdentifier>
    </Filter>
    <Filter Include="Game\02.Object\Monster">
      <UniqueIdentifier>{c9436b42-ea0a-4562-925e-7d641e0125e1}</UniqueIdentifier>
    </Filter>
    <Filter Include="Game\02.Object\Item">
      <UniqueIdentifier>{b0d20c50-bca0-4ad9-b6a8-ff9d4a2de2c1}</UniqueIdentifier>
    </Filter>
    <Filter Include="Game\03.Stage\Intro">
      <UniqueIdentifier>{ec22af9f-74b8-4c82-a82b-bc10d7d717c4}</UniqueIdentifier>
    </Filter>
    <Filter Include="Game\03.Stage\Play">
      <UniqueIdentifier>{1a5bf42a-c155-4243-8d1e-41aaf8849df3}</UniqueIdentifier>
    </Filter>
    <Filter Include="Game\07.Resource">
      <UniqueIdentifier>{7ee2701d-ee75-4653-b8fa-468ab7910788}</UniqueIdentifier>
    </Filter>
    <Filter Include="Game\07.Resource\Texture">
      <UniqueIdentifier>{d8c46a1f-267f-468d-849c-a4135b5bc2d3}</UniqueIdentifier>
    </Filter>
    <Filter Include="Game\07.Resource\Sound">
      <UniqueIdentifier>{3ed27bb8-b2db-4611-b4cd-de679764ee83}</UniqueIdentifier>
    </Filter>
    <Filter Include="Game\08.Button">
      <UniqueIdentifier>{8961a7bb-ebed-4e47-ac6b-5d43fd1f6fd1}</UniqueIdentifier>
    </Filter>
    <Filter Include="Game\08.Button\Generic">
      <UniqueIdentifier>{587fa9f7-11f9-4d12-b4dc-43489fb40e23}</UniqueIdentifier>
    </Filter>
    <Filter Include="Game\09.Layer">
      <UniqueIdentifier>{8dc594a8-33e0-4e49-8986-2f24cdadb06c}</UniqueIdentifier>
    </Filter>
    <Filter Include="Game\09.Layer\Object">
      <UniqueIdentifier>{8ee2b3aa-7b52-44c0-95d8-9f73dd01bf7f}</UniqueIdentifier>
    </Filter>
    <Filter Include="Game\09.Layer\Background">
      <UniqueIdentifier>{99cdad2e-e7a9-4ed3-ba3d-f7ff692e0092}</UniqueIdentifier>
    </Filter>
    <Filter Include="Game\09.Layer\UI">
      <UniqueIdentifier>{3c139560-83bb-4dbe-9897-329ca99ac565}</UniqueIdentifier>
    </Filter>
    <Filter Include="Game2">
      <UniqueIdentifier>{927b3357-e215-4ba2-9cc3-b20ab96e8538}</UniqueIdentifier>
    </Filter>
    <Filter Include="Game2\01.Object">
      <UniqueIdentifier>{909170e5-9362-4cb4-a0d6-7620374aa78c}</UniqueIdentifier>
    </Filter>
    <Filter Include="Game2\01.Object\Player">
      <UniqueIdentifier>{f4f9a59b-a1a2-47d7-9bcf-32c7e6d269e7}</UniqueIdentifier>
    </Filter>
    <Filter Include="Game2\01.Object\Enemy">
      <UniqueIdentifier>{634dccd6-93c5-4970-8669-ddab6d397a5a}</UniqueIdentifier>
    </Filter>
    <Filter Include="Game2\01.Object\Bullet">
      <UniqueIdentifier>{59bc2ad9-333a-4f8d-a404-353540916bf3}</UniqueIdentifier>
    </Filter>
    <Filter Include="Game2\01.Object\Item">
      <UniqueIdentifier>{afc98f8c-679e-4c9b-8bc3-3e49bab31aa8}</UniqueIdentifier>
    </Filter>
    <Filter Include="Game2\02.Collision">
      <UniqueIdentifier>{b6373e3a-3d32-4038-9c77-7c26ed8b2933}</UniqueIdentifier>
    </Filter>
    <Filter Include="Game3">
      <UniqueIdentifier>{04997757-21e1-4013-9a42-e7be61881367}</UniqueIdentifier>
    </Filter>
    <Filter Include="Game3\EventManager">
      <UniqueIdentifier>{7ba43c15-1f4a-4342-9e88-e0f26fce7427}</UniqueIdentifier>
    </Filter>
    <Filter Include="Game3\Component">
      <UniqueIdentifier>{13fc1651-2115-41fc-aabe-83653d150727}</UniqueIdentifier>
    </Filter>
    <Filter Include="Game3\CollisionManager">
      <UniqueIdentifier>{49da8fc8-d849-45d2-b0d4-70ce102b051b}</UniqueIdentifier>
    </Filter>
    <Filter Include="Game3\Object">
      <UniqueIdentifier>{aff9db8f-0ca3-4c25-a8e3-f4e78671bb9b}</UniqueIdentifier>
    </Filter>
    <Filter Include="Game3\Object\01.Player">
      <UniqueIdentifier>{a0fe21fb-77a3-47a8-9604-56a8873e2e2c}</UniqueIdentifier>
    </Filter>
    <Filter Include="Game3\Object\02.Enemy">
      <UniqueIdentifier>{633685fc-3168-4c93-984e-073647846fab}</UniqueIdentifier>
    </Filter>
    <Filter Include="Game3\Object\03.Obstacle">
      <UniqueIdentifier>{8cecadef-668a-4d4e-be10-8a2edf8d7cce}</UniqueIdentifier>
    </Filter>
    <Filter Include="Game3\Object\04.Item">
      <UniqueIdentifier>{87971ebf-c51f-44a5-a153-0ee2f9f437c6}</UniqueIdentifier>
    </Filter>
    <Filter Include="Game3\Object\05.Bullet">
      <UniqueIdentifier>{9af103b5-efde-4d0e-8279-777d310e6400}</UniqueIdentifier>
    </Filter>
    <Filter Include="Game3\Object\06.Obj">
      <UniqueIdentifier>{18676d8a-21c0-4e65-a622-20793f699913}</UniqueIdentifier>
    </Filter>
    <Filter Include="Game3\Component\Collision">
      <UniqueIdentifier>{dfeddd60-1e16-43cd-a4f7-a26f6ad61688}</UniqueIdentifier>
    </Filter>
  </ItemGroup>
  <ItemGroup>
    <ClInclude Include="framework.h">
      <Filter>Header Files</Filter>
    </ClInclude>
    <ClInclude Include="targetver.h">
      <Filter>Header Files</Filter>
    </ClInclude>
    <ClInclude Include="AvoidPoopGame.h">
      <Filter>Header Files</Filter>
    </ClInclude>
    <ClInclude Include="Core.h">
      <Filter>Game\01.Core</Filter>
    </ClInclude>
    <ClInclude Include="Game.h">
      <Filter>Game\00.Header</Filter>
    </ClInclude>
    <ClInclude Include="Define.h">
      <Filter>Game\00.Header</Filter>
    </ClInclude>
    <ClInclude Include="TimeManager.h">
      <Filter>Game\04.Time</Filter>
    </ClInclude>
    <ClInclude Include="Obj.h">
      <Filter>Game\02.Object</Filter>
    </ClInclude>
    <ClInclude Include="Player.h">
      <Filter>Game\02.Object\Player</Filter>
    </ClInclude>
    <ClInclude Include="Sturct.h">
      <Filter>Game\00.Header</Filter>
    </ClInclude>
    <ClInclude Include="InputManager.h">
      <Filter>Game\05.Input</Filter>
    </ClInclude>
    <ClInclude Include="Stage.h">
      <Filter>Game\03.Stage</Filter>
    </ClInclude>
    <ClInclude Include="Gun.h">
      <Filter>Game\06.Weapon</Filter>
    </ClInclude>
    <ClInclude Include="Bullet.h">
      <Filter>Game\02.Object\Bullet</Filter>
    </ClInclude>
    <ClInclude Include="Monster.h">
      <Filter>Game\02.Object\Monster</Filter>
    </ClInclude>
    <ClInclude Include="Item.h">
      <Filter>Game\02.Object\Item</Filter>
    </ClInclude>
    <ClInclude Include="StageManager.h">
      <Filter>Game\03.Stage</Filter>
    </ClInclude>
    <ClInclude Include="IntroStage.h">
      <Filter>Game\03.Stage\Intro</Filter>
    </ClInclude>
    <ClInclude Include="PlayStage.h">
      <Filter>Game\03.Stage\Play</Filter>
    </ClInclude>
    <ClInclude Include="ResourceManager.h">
      <Filter>Game\07.Resource</Filter>
    </ClInclude>
    <ClInclude Include="Texture.h">
      <Filter>Game\07.Resource\Texture</Filter>
    </ClInclude>
    <ClInclude Include="Resource.h">
      <Filter>Header Files</Filter>
    </ClInclude>
    <ClInclude Include="CResource.h">
      <Filter>Game\07.Resource</Filter>
    </ClInclude>
    <ClInclude Include="CButton.h">
      <Filter>Game\08.Button</Filter>
    </ClInclude>
    <ClInclude Include="GenericButton.h">
      <Filter>Game\08.Button\Generic</Filter>
    </ClInclude>
    <ClInclude Include="PlayStage2.h">
      <Filter>Game\03.Stage\Play</Filter>
    </ClInclude>
    <ClInclude Include="Layer.h">
      <Filter>Game\09.Layer</Filter>
    </ClInclude>
    <ClInclude Include="ObjLayer.h">
      <Filter>Game\09.Layer\Object</Filter>
    </ClInclude>
    <ClInclude Include="CObj.h">
      <Filter>Game2\01.Object</Filter>
    </ClInclude>
    <ClInclude Include="CPlayer.h">
      <Filter>Game2\01.Object\Player</Filter>
    </ClInclude>
    <ClInclude Include="CEnemy.h">
      <Filter>Game2\01.Object\Enemy</Filter>
    </ClInclude>
    <ClInclude Include="CBullet.h">
      <Filter>Game2\01.Object\Bullet</Filter>
    </ClInclude>
    <ClInclude Include="CItem.h">
      <Filter>Game2\01.Object\Item</Filter>
    </ClInclude>
    <ClInclude Include="CollisionManager.h">
      <Filter>Game2\02.Collision</Filter>
    </ClInclude>
    <ClInclude Include="Component.h">
      <Filter>Game3\Component</Filter>
    </ClInclude>
    <ClInclude Include="Collision.h">
      <Filter>Game3\Component\Collision</Filter>
    </ClInclude>
    <ClInclude Include="EventManager.h">
      <Filter>Game3\EventManager</Filter>
    </ClInclude>
  </ItemGroup>
  <ItemGroup>
    <ClCompile Include="main.cpp">
      <Filter>Source Files</Filter>
    </ClCompile>
    <ClCompile Include="Core.cpp">
      <Filter>Game\01.Core</Filter>
    </ClCompile>
    <ClCompile Include="TimeManager.cpp">
      <Filter>Game\04.Time</Filter>
    </ClCompile>
    <ClCompile Include="Obj.cpp">
      <Filter>Game\02.Object</Filter>
    </ClCompile>
    <ClCompile Include="Player.cpp">
      <Filter>Game\02.Object\Player</Filter>
    </ClCompile>
    <ClCompile Include="InputManager.cpp">
      <Filter>Game\05.Input</Filter>
    </ClCompile>
    <ClCompile Include="Stage.cpp">
      <Filter>Game\03.Stage</Filter>
    </ClCompile>
    <ClCompile Include="Gun.cpp">
      <Filter>Game\06.Weapon</Filter>
    </ClCompile>
    <ClCompile Include="Bullet.cpp">
      <Filter>Game\02.Object\Bullet</Filter>
    </ClCompile>
    <ClCompile Include="Monster.cpp">
      <Filter>Game\02.Object\Monster</Filter>
    </ClCompile>
    <ClCompile Include="Item.cpp">
      <Filter>Game\02.Object\Item</Filter>
    </ClCompile>
    <ClCompile Include="StageManager.cpp">
      <Filter>Game\03.Stage</Filter>
    </ClCompile>
    <ClCompile Include="IntroStage.cpp">
      <Filter>Game\03.Stage\Intro</Filter>
    </ClCompile>
    <ClCompile Include="PlayStage.cpp">
      <Filter>Game\03.Stage\Play</Filter>
    </ClCompile>
    <ClCompile Include="ResourceManager.cpp">
      <Filter>Game\07.Resource</Filter>
    </ClCompile>
    <ClCompile Include="Texture.cpp">
      <Filter>Game\07.Resource\Texture</Filter>
    </ClCompile>
    <ClCompile Include="CResource.cpp">
      <Filter>Game\07.Resource</Filter>
    </ClCompile>
    <ClCompile Include="CButton.cpp">
      <Filter>Game\08.Button</Filter>
    </ClCompile>
    <ClCompile Include="GenericButton.cpp">
      <Filter>Game\08.Button\Generic</Filter>
    </ClCompile>
    <ClCompile Include="PlayStage2.cpp">
      <Filter>Game\03.Stage\Play</Filter>
    </ClCompile>
    <ClCompile Include="Layer.cpp">
      <Filter>Game\09.Layer</Filter>
    </ClCompile>
    <ClCompile Include="ObjLayer.cpp">
      <Filter>Game\09.Layer\Object</Filter>
    </ClCompile>
    <ClCompile Include="CObj.cpp">
      <Filter>Game2\01.Object</Filter>
    </ClCompile>
    <ClCompile Include="CPlayer.cpp">
      <Filter>Game2\01.Object\Player</Filter>
    </ClCompile>
    <ClCompile Include="CEnemy.cpp">
      <Filter>Game2\01.Object\Enemy</Filter>
    </ClCompile>
    <ClCompile Include="CBullet.cpp">
      <Filter>Game2\01.Object\Bullet</Filter>
    </ClCompile>
    <ClCompile Include="CItem.cpp">
      <Filter>Game2\01.Object\Item</Filter>
    </ClCompile>
    <ClCompile Include="CollisionManager.cpp">
      <Filter>Game2\02.Collision</Filter>
    </ClCompile>
    <ClCompile Include="func.cpp">
      <Filter>Game\00.Header</Filter>
    </ClCompile>
    <ClCompile Include="Component.cpp">
      <Filter>Game3\Component</Filter>
    </ClCompile>
    <ClCompile Include="Collision.cpp">
      <Filter>Game3\Component\Collision</Filter>
    </ClCompile>
    <ClCompile Include="EventManager.cpp">
      <Filter>Game3\EventManager</Filter>
    </ClCompile>
  </ItemGroup>
  <ItemGroup>
    <ResourceCompile Include="AvoidPoopGame.rc">
      <Filter>Resource Files</Filter>
    </ResourceCompile>
  </ItemGroup>
  <ItemGroup>
    <Image Include="small.ico">
      <Filter>Resource Files</Filter>
    </Image>
    <Image Include="AvoidPoopGame.ico">
      <Filter>Resource Files</Filter>
    </Image>
  </ItemGroup>
</Project>